
Microsoft Visual Studio Solution File, Format Version 12.00
# Visual Studio Version 17
VisualStudioVersion = 17.13.35913.81 d17.13
MinimumVisualStudioVersion = 10.0.40219.1
Project("{FAE04EC0-301F-11D3-BF4B-00C04F79EFBC}") = "Agenda", "Agenda\Agenda.csproj", "{C7C3D327-138B-4A31-A02E-F86F4EA3562B}"
EndProject
Global
	GlobalSection(SolutionConfigurationPlatforms) = preSolution
		Debug|Any CPU = Debug|Any CPU
		Release|Any CPU = Release|Any CPU
	EndGlobalSection
	GlobalSection(ProjectConfigurationPlatforms) = postSolution
		{C7C3D327-138B-4A31-A02E-F86F4EA3562B}.Debug|Any CPU.ActiveCfg = Debug|Any CPU
		{C7C3D327-138B-4A31-A02E-F86F4EA3562B}.Debug|Any CPU.Build.0 = Debug|Any CPU
		{C7C3D327-138B-4A31-A02E-F86F4EA3562B}.Release|Any CPU.ActiveCfg = Release|Any CPU
		{C7C3D327-138B-4A31-A02E-F86F4EA3562B}.Release|Any CPU.Build.0 = Release|Any CPU
	EndGlobalSection
	GlobalSection(SolutionProperties) = preSolution
		HideSolutionNode = FALSE
	EndGlobalSection
	GlobalSection(ExtensibilityGlobals) = postSolution
		SolutionGuid = {DB1CAC00-5927-4C5A-82A1-F1D28BE73DDE}
	EndGlobalSection
EndGlobal
